
Microsoft Visual Studio Solution File, Format Version 12.00
# Visual Studio Version 17
VisualStudioVersion = 17.11.35327.3
MinimumVisualStudioVersion = 10.0.40219.1
Project("{D2ABAB84-BF74-430A-B69E-9DC6D40DDA17}") = "MultidimensionalProject1", "MultidimensionalProject1\MultidimensionalProject1.dwproj", "{25390893-9CAA-4E0D-96AF-6BE41141B649}"
EndProject
Global
	GlobalSection(SolutionConfigurationPlatforms) = preSolution
		Development|Default = Development|Default
	EndGlobalSection
	GlobalSection(ProjectConfigurationPlatforms) = postSolution
		{25390893-9CAA-4E0D-96AF-6BE41141B649}.Development|Default.ActiveCfg = Development
		{25390893-9CAA-4E0D-96AF-6BE41141B649}.Development|Default.Build.0 = Development
		{25390893-9CAA-4E0D-96AF-6BE41141B649}.Development|Default.Deploy.0 = Development
	EndGlobalSection
	GlobalSection(SolutionProperties) = preSolution
		HideSolutionNode = FALSE
	EndGlobalSection
	GlobalSection(ExtensibilityGlobals) = postSolution
		SolutionGuid = {BC6FA1D0-D74D-4FB7-AC6D-3FEFB4C6F201}
	EndGlobalSection
EndGlobal
